// !$*UTF8*$!
{
	archiveVersion = 1;
	classes = {
	};
	objectVersion = 48;
	objects = {

/* Begin PBXBuildFile section */
		24C9ECDF9760CE45D3B270BD /* Pods_Corticoid.framework in Frameworks */ = {isa = PBXBuildFile; fileRef = 75D5876D1FF8B02900BF753F /* Pods_Corticoid.framework */; };
		7557B41F1FFAA2E00077A1E0 /* Localizable.strings in Resources */ = {isa = PBXBuildFile; fileRef = 7557B4211FFAA2E00077A1E0 /* Localizable.strings */; };
		758BB1FE1FF7C0C600CE3E0E /* AppDelegate.swift in Sources */ = {isa = PBXBuildFile; fileRef = 758BB1FD1FF7C0C600CE3E0E /* AppDelegate.swift */; };
		758BB2001FF7C0C600CE3E0E /* ViewController.swift in Sources */ = {isa = PBXBuildFile; fileRef = 758BB1FF1FF7C0C600CE3E0E /* ViewController.swift */; };
		758BB2031FF7C0C600CE3E0E /* Main.storyboard in Resources */ = {isa = PBXBuildFile; fileRef = 758BB2011FF7C0C600CE3E0E /* Main.storyboard */; };
		758BB2051FF7C0C600CE3E0E /* Assets.xcassets in Resources */ = {isa = PBXBuildFile; fileRef = 758BB2041FF7C0C600CE3E0E /* Assets.xcassets */; };
		758BB2081FF7C0C600CE3E0E /* LaunchScreen.storyboard in Resources */ = {isa = PBXBuildFile; fileRef = 758BB2061FF7C0C600CE3E0E /* LaunchScreen.storyboard */; };
		758BB2111FF7C57300CE3E0E /* corticoid.epub in Resources */ = {isa = PBXBuildFile; fileRef = 758BB2101FF7C57300CE3E0E /* corticoid.epub */; };
		75D5829F1FF8AA5E00BF753F /* HMBookmarkManager.swift in Sources */ = {isa = PBXBuildFile; fileRef = 75D580811FF8AA5E00BF753F /* HMBookmarkManager.swift */; };
		75D582A01FF8AA5E00BF753F /* LICENSE in Resources */ = {isa = PBXBuildFile; fileRef = 75D580821FF8AA5E00BF753F /* LICENSE */; };
		75D582A11FF8AA5E00BF753F /* README.md in Resources */ = {isa = PBXBuildFile; fileRef = 75D580831FF8AA5E00BF753F /* README.md */; };
		75D582A21FF8AA5E00BF753F /* FRBook.swift in Sources */ = {isa = PBXBuildFile; fileRef = 75D580861FF8AA5E00BF753F /* FRBook.swift */; };
		75D582A31FF8AA5E00BF753F /* FREpubParser.swift in Sources */ = {isa = PBXBuildFile; fileRef = 75D580871FF8AA5E00BF753F /* FREpubParser.swift */; };
		75D582A41FF8AA5E00BF753F /* FRMediaType.swift in Sources */ = {isa = PBXBuildFile; fileRef = 75D580881FF8AA5E00BF753F /* FRMediaType.swift */; };
		75D582A51FF8AA5E00BF753F /* FRMetadata.swift in Sources */ = {isa = PBXBuildFile; fileRef = 75D580891FF8AA5E00BF753F /* FRMetadata.swift */; };
		75D582A61FF8AA5E00BF753F /* FRResource.swift in Sources */ = {isa = PBXBuildFile; fileRef = 75D5808A1FF8AA5E00BF753F /* FRResource.swift */; };
		75D582A71FF8AA5E00BF753F /* FRResources.swift in Sources */ = {isa = PBXBuildFile; fileRef = 75D5808B1FF8AA5E00BF753F /* FRResources.swift */; };
		75D582A81FF8AA5E00BF753F /* FRSmilElement.swift in Sources */ = {isa = PBXBuildFile; fileRef = 75D5808C1FF8AA5E00BF753F /* FRSmilElement.swift */; };
		75D582A91FF8AA5E00BF753F /* FRSmils.swift in Sources */ = {isa = PBXBuildFile; fileRef = 75D5808D1FF8AA5E00BF753F /* FRSmils.swift */; };
		75D582AA1FF8AA5E00BF753F /* FRSpine.swift in Sources */ = {isa = PBXBuildFile; fileRef = 75D5808E1FF8AA5E00BF753F /* FRSpine.swift */; };
		75D582AB1FF8AA5E00BF753F /* FRTocReference.swift in Sources */ = {isa = PBXBuildFile; fileRef = 75D5808F1FF8AA5E00BF753F /* FRTocReference.swift */; };
		75D582AC1FF8AA5E00BF753F /* Extensions.swift in Sources */ = {isa = PBXBuildFile; fileRef = 75D580901FF8AA5E00BF753F /* Extensions.swift */; };
		75D582AD1FF8AA5E00BF753F /* FolioReaderAudioPlayer.swift in Sources */ = {isa = PBXBuildFile; fileRef = 75D580911FF8AA5E00BF753F /* FolioReaderAudioPlayer.swift */; };
		75D582AE1FF8AA5E00BF753F /* FolioReaderCenter.swift in Sources */ = {isa = PBXBuildFile; fileRef = 75D580921FF8AA5E00BF753F /* FolioReaderCenter.swift */; };
		75D582AF1FF8AA5E00BF753F /* FolioReaderChapterList.swift in Sources */ = {isa = PBXBuildFile; fileRef = 75D580931FF8AA5E00BF753F /* FolioReaderChapterList.swift */; };
		75D582B01FF8AA5E00BF753F /* FolioReaderChapterListCell.swift in Sources */ = {isa = PBXBuildFile; fileRef = 75D580941FF8AA5E00BF753F /* FolioReaderChapterListCell.swift */; };
		75D582B11FF8AA5E00BF753F /* FolioReaderConfig.swift in Sources */ = {isa = PBXBuildFile; fileRef = 75D580951FF8AA5E00BF753F /* FolioReaderConfig.swift */; };
		75D582B21FF8AA5E00BF753F /* FolioReaderContainer.swift in Sources */ = {isa = PBXBuildFile; fileRef = 75D580961FF8AA5E00BF753F /* FolioReaderContainer.swift */; };
		75D582B31FF8AA5E00BF753F /* FolioReaderFontsMenu.swift in Sources */ = {isa = PBXBuildFile; fileRef = 75D580971FF8AA5E00BF753F /* FolioReaderFontsMenu.swift */; };
		75D582B41FF8AA5E00BF753F /* FolioReaderHighlightList.swift in Sources */ = {isa = PBXBuildFile; fileRef = 75D580981FF8AA5E00BF753F /* FolioReaderHighlightList.swift */; };
		75D582B51FF8AA5E00BF753F /* FolioReaderKit.swift in Sources */ = {isa = PBXBuildFile; fileRef = 75D5809A1FF8AA5E00BF753F /* FolioReaderKit.swift */; };
		75D582B61FF8AA5E00BF753F /* FolioReaderPage.swift in Sources */ = {isa = PBXBuildFile; fileRef = 75D5809B1FF8AA5E00BF753F /* FolioReaderPage.swift */; };
		75D582B71FF8AA5E00BF753F /* FolioReaderPageIndicator.swift in Sources */ = {isa = PBXBuildFile; fileRef = 75D5809C1FF8AA5E00BF753F /* FolioReaderPageIndicator.swift */; };
		75D582B81FF8AA5E00BF753F /* FolioReaderPlayerMenu.swift in Sources */ = {isa = PBXBuildFile; fileRef = 75D5809D1FF8AA5E00BF753F /* FolioReaderPlayerMenu.swift */; };
		75D582B91FF8AA5E00BF753F /* FolioReaderQuoteShare.swift in Sources */ = {isa = PBXBuildFile; fileRef = 75D5809E1FF8AA5E00BF753F /* FolioReaderQuoteShare.swift */; };
		75D582BA1FF8AA5E00BF753F /* FolioReaderSharingProvider.swift in Sources */ = {isa = PBXBuildFile; fileRef = 75D5809F1FF8AA5E00BF753F /* FolioReaderSharingProvider.swift */; };
		75D582BB1FF8AA5E00BF753F /* FolioReaderUserDefaults.swift in Sources */ = {isa = PBXBuildFile; fileRef = 75D580A01FF8AA5E00BF753F /* FolioReaderUserDefaults.swift */; };
		75D582BC1FF8AA5E00BF753F /* FolioReaderWebView.swift in Sources */ = {isa = PBXBuildFile; fileRef = 75D580A11FF8AA5E00BF753F /* FolioReaderWebView.swift */; };
		75D582BD1FF8AA5E00BF753F /* Highlight+Helper.swift in Sources */ = {isa = PBXBuildFile; fileRef = 75D580A31FF8AA5E00BF753F /* Highlight+Helper.swift */; };
		75D582BE1FF8AA5E00BF753F /* Highlight.swift in Sources */ = {isa = PBXBuildFile; fileRef = 75D580A41FF8AA5E00BF753F /* Highlight.swift */; };
		75D582BF1FF8AA5E00BF753F /* PageViewController.swift in Sources */ = {isa = PBXBuildFile; fileRef = 75D580A51FF8AA5E00BF753F /* PageViewController.swift */; };
		75D582C01FF8AA5E00BF753F /* QuoteImage.swift in Sources */ = {isa = PBXBuildFile; fileRef = 75D580A61FF8AA5E00BF753F /* QuoteImage.swift */; };
		75D582C11FF8AA5E00BF753F /* Bridge.js in Resources */ = {isa = PBXBuildFile; fileRef = 75D580A81FF8AA5E00BF753F /* Bridge.js */; };
		75D582C21FF8AA5E00BF753F /* Andada-Bold.otf in Resources */ = {isa = PBXBuildFile; fileRef = 75D580AB1FF8AA5E00BF753F /* Andada-Bold.otf */; };
		75D582C31FF8AA5E00BF753F /* Andada-BoldItalic.otf in Resources */ = {isa = PBXBuildFile; fileRef = 75D580AC1FF8AA5E00BF753F /* Andada-BoldItalic.otf */; };
		75D582C41FF8AA5E00BF753F /* Andada-Italic.otf in Resources */ = {isa = PBXBuildFile; fileRef = 75D580AD1FF8AA5E00BF753F /* Andada-Italic.otf */; };
		75D582C51FF8AA5E00BF753F /* Andada-Regular.otf in Resources */ = {isa = PBXBuildFile; fileRef = 75D580AE1FF8AA5E00BF753F /* Andada-Regular.otf */; };
		75D582C61FF8AA5E00BF753F /* Lato-Bold.ttf in Resources */ = {isa = PBXBuildFile; fileRef = 75D580B01FF8AA5E00BF753F /* Lato-Bold.ttf */; };
		75D582C71FF8AA5E00BF753F /* Lato-BoldItalic.ttf in Resources */ = {isa = PBXBuildFile; fileRef = 75D580B11FF8AA5E00BF753F /* Lato-BoldItalic.ttf */; };
		75D582C81FF8AA5E00BF753F /* Lato-Italic.ttf in Resources */ = {isa = PBXBuildFile; fileRef = 75D580B21FF8AA5E00BF753F /* Lato-Italic.ttf */; };
		75D582C91FF8AA5E00BF753F /* Lato-Regular.ttf in Resources */ = {isa = PBXBuildFile; fileRef = 75D580B31FF8AA5E00BF753F /* Lato-Regular.ttf */; };
		75D582CA1FF8AA5E00BF753F /* Lora-Bold.ttf in Resources */ = {isa = PBXBuildFile; fileRef = 75D580B51FF8AA5E00BF753F /* Lora-Bold.ttf */; };
		75D582CB1FF8AA5E00BF753F /* Lora-BoldItalic.ttf in Resources */ = {isa = PBXBuildFile; fileRef = 75D580B61FF8AA5E00BF753F /* Lora-BoldItalic.ttf */; };
		75D582CC1FF8AA5E00BF753F /* Lora-Italic.ttf in Resources */ = {isa = PBXBuildFile; fileRef = 75D580B71FF8AA5E00BF753F /* Lora-Italic.ttf */; };
		75D582CD1FF8AA5E00BF753F /* Lora-Regular.ttf in Resources */ = {isa = PBXBuildFile; fileRef = 75D580B81FF8AA5E00BF753F /* Lora-Regular.ttf */; };
		75D582CE1FF8AA5E00BF753F /* Raleway-Bold.ttf in Resources */ = {isa = PBXBuildFile; fileRef = 75D580BA1FF8AA5E00BF753F /* Raleway-Bold.ttf */; };
		75D582CF1FF8AA5E00BF753F /* Raleway-BoldItalic.ttf in Resources */ = {isa = PBXBuildFile; fileRef = 75D580BB1FF8AA5E00BF753F /* Raleway-BoldItalic.ttf */; };
		75D582D01FF8AA5E00BF753F /* Raleway-Italic.ttf in Resources */ = {isa = PBXBuildFile; fileRef = 75D580BC1FF8AA5E00BF753F /* Raleway-Italic.ttf */; };
		75D582D11FF8AA5E00BF753F /* Raleway-Regular.ttf in Resources */ = {isa = PBXBuildFile; fileRef = 75D580BD1FF8AA5E00BF753F /* Raleway-Regular.ttf */; };
		75D582D21FF8AA5E00BF753F /* Images.xcassets in Resources */ = {isa = PBXBuildFile; fileRef = 75D580BE1FF8AA5E00BF753F /* Images.xcassets */; };
		75D582D31FF8AA5E00BF753F /* Style.css in Resources */ = {isa = PBXBuildFile; fileRef = 75D580BF1FF8AA5E00BF753F /* Style.css */; };
		75D582D41FF8AA5E00BF753F /* ScrollScrubber.swift in Sources */ = {isa = PBXBuildFile; fileRef = 75D580C01FF8AA5E00BF753F /* ScrollScrubber.swift */; };
		75D582D51FF8AA5E00BF753F /* HADiscreteSlider.swift in Sources */ = {isa = PBXBuildFile; fileRef = 75D580C31FF8AA5E00BF753F /* HADiscreteSlider.swift */; };
		75D582D61FF8AA5E00BF753F /* SMSegment.swift in Sources */ = {isa = PBXBuildFile; fileRef = 75D580C51FF8AA5E00BF753F /* SMSegment.swift */; };
		75D582D71FF8AA5E00BF753F /* SMSegmentView.swift in Sources */ = {isa = PBXBuildFile; fileRef = 75D580C61FF8AA5E00BF753F /* SMSegmentView.swift */; };
		75D5876F1FF93D8900BF753F /* HMBookmarkList.swift in Sources */ = {isa = PBXBuildFile; fileRef = 75D5876E1FF93D8900BF753F /* HMBookmarkList.swift */; };
/* End PBXBuildFile section */

/* Begin PBXCopyFilesBuildPhase section */
		75D583691FF8AD4000BF753F /* Embed Frameworks */ = {
			isa = PBXCopyFilesBuildPhase;
			buildActionMask = 2147483647;
			dstPath = "";
			dstSubfolderSpec = 10;
			files = (
			);
			name = "Embed Frameworks";
			runOnlyForDeploymentPostprocessing = 0;
		};
/* End PBXCopyFilesBuildPhase section */

/* Begin PBXFileReference section */
		17663E2BEB2FDE98A3F3CE7A /* Pods-Corticoid.release.xcconfig */ = {isa = PBXFileReference; includeInIndex = 1; lastKnownFileType = text.xcconfig; name = "Pods-Corticoid.release.xcconfig"; path = "Pods/Target Support Files/Pods-Corticoid/Pods-Corticoid.release.xcconfig"; sourceTree = "<group>"; };
		7557B4201FFAA2E00077A1E0 /* en */ = {isa = PBXFileReference; lastKnownFileType = text.plist.strings; name = en; path = en.lproj/Localizable.strings; sourceTree = "<group>"; };
		7557B4221FFAA3080077A1E0 /* vi */ = {isa = PBXFileReference; lastKnownFileType = text.plist.strings; name = vi; path = vi.lproj/Localizable.strings; sourceTree = "<group>"; };
		758BB1FA1FF7C0C600CE3E0E /* Corticoid.app */ = {isa = PBXFileReference; explicitFileType = wrapper.application; includeInIndex = 0; path = Corticoid.app; sourceTree = BUILT_PRODUCTS_DIR; };
		758BB1FD1FF7C0C600CE3E0E /* AppDelegate.swift */ = {isa = PBXFileReference; lastKnownFileType = sourcecode.swift; path = AppDelegate.swift; sourceTree = "<group>"; };
		758BB1FF1FF7C0C600CE3E0E /* ViewController.swift */ = {isa = PBXFileReference; lastKnownFileType = sourcecode.swift; path = ViewController.swift; sourceTree = "<group>"; };
		758BB2021FF7C0C600CE3E0E /* Base */ = {isa = PBXFileReference; lastKnownFileType = file.storyboard; name = Base; path = Base.lproj/Main.storyboard; sourceTree = "<group>"; };
		758BB2041FF7C0C600CE3E0E /* Assets.xcassets */ = {isa = PBXFileReference; lastKnownFileType = folder.assetcatalog; path = Assets.xcassets; sourceTree = "<group>"; };
		758BB2071FF7C0C600CE3E0E /* Base */ = {isa = PBXFileReference; lastKnownFileType = file.storyboard; name = Base; path = Base.lproj/LaunchScreen.storyboard; sourceTree = "<group>"; };
		758BB2091FF7C0C600CE3E0E /* Info.plist */ = {isa = PBXFileReference; lastKnownFileType = text.plist.xml; path = Info.plist; sourceTree = "<group>"; };
		758BB2101FF7C57300CE3E0E /* corticoid.epub */ = {isa = PBXFileReference; lastKnownFileType = file; path = corticoid.epub; sourceTree = "<group>"; };
		75D580811FF8AA5E00BF753F /* HMBookmarkManager.swift */ = {isa = PBXFileReference; fileEncoding = 4; lastKnownFileType = sourcecode.swift; path = HMBookmarkManager.swift; sourceTree = "<group>"; };
		75D580821FF8AA5E00BF753F /* LICENSE */ = {isa = PBXFileReference; fileEncoding = 4; lastKnownFileType = text; path = LICENSE; sourceTree = "<group>"; };
		75D580831FF8AA5E00BF753F /* README.md */ = {isa = PBXFileReference; fileEncoding = 4; lastKnownFileType = net.daringfireball.markdown; path = README.md; sourceTree = "<group>"; };
		75D580861FF8AA5E00BF753F /* FRBook.swift */ = {isa = PBXFileReference; fileEncoding = 4; lastKnownFileType = sourcecode.swift; path = FRBook.swift; sourceTree = "<group>"; };
		75D580871FF8AA5E00BF753F /* FREpubParser.swift */ = {isa = PBXFileReference; fileEncoding = 4; lastKnownFileType = sourcecode.swift; path = FREpubParser.swift; sourceTree = "<group>"; };
		75D580881FF8AA5E00BF753F /* FRMediaType.swift */ = {isa = PBXFileReference; fileEncoding = 4; lastKnownFileType = sourcecode.swift; path = FRMediaType.swift; sourceTree = "<group>"; };
		75D580891FF8AA5E00BF753F /* FRMetadata.swift */ = {isa = PBXFileReference; fileEncoding = 4; lastKnownFileType = sourcecode.swift; path = FRMetadata.swift; sourceTree = "<group>"; };
		75D5808A1FF8AA5E00BF753F /* FRResource.swift */ = {isa = PBXFileReference; fileEncoding = 4; lastKnownFileType = sourcecode.swift; path = FRResource.swift; sourceTree = "<group>"; };
		75D5808B1FF8AA5E00BF753F /* FRResources.swift */ = {isa = PBXFileReference; fileEncoding = 4; lastKnownFileType = sourcecode.swift; path = FRResources.swift; sourceTree = "<group>"; };
		75D5808C1FF8AA5E00BF753F /* FRSmilElement.swift */ = {isa = PBXFileReference; fileEncoding = 4; lastKnownFileType = sourcecode.swift; path = FRSmilElement.swift; sourceTree = "<group>"; };
		75D5808D1FF8AA5E00BF753F /* FRSmils.swift */ = {isa = PBXFileReference; fileEncoding = 4; lastKnownFileType = sourcecode.swift; path = FRSmils.swift; sourceTree = "<group>"; };
		75D5808E1FF8AA5E00BF753F /* FRSpine.swift */ = {isa = PBXFileReference; fileEncoding = 4; lastKnownFileType = sourcecode.swift; path = FRSpine.swift; sourceTree = "<group>"; };
		75D5808F1FF8AA5E00BF753F /* FRTocReference.swift */ = {isa = PBXFileReference; fileEncoding = 4; lastKnownFileType = sourcecode.swift; path = FRTocReference.swift; sourceTree = "<group>"; };
		75D580901FF8AA5E00BF753F /* Extensions.swift */ = {isa = PBXFileReference; fileEncoding = 4; lastKnownFileType = sourcecode.swift; path = Extensions.swift; sourceTree = "<group>"; };
		75D580911FF8AA5E00BF753F /* FolioReaderAudioPlayer.swift */ = {isa = PBXFileReference; fileEncoding = 4; lastKnownFileType = sourcecode.swift; path = FolioReaderAudioPlayer.swift; sourceTree = "<group>"; };
		75D580921FF8AA5E00BF753F /* FolioReaderCenter.swift */ = {isa = PBXFileReference; fileEncoding = 4; lastKnownFileType = sourcecode.swift; path = FolioReaderCenter.swift; sourceTree = "<group>"; };
		75D580931FF8AA5E00BF753F /* FolioReaderChapterList.swift */ = {isa = PBXFileReference; fileEncoding = 4; lastKnownFileType = sourcecode.swift; path = FolioReaderChapterList.swift; sourceTree = "<group>"; };
		75D580941FF8AA5E00BF753F /* FolioReaderChapterListCell.swift */ = {isa = PBXFileReference; fileEncoding = 4; lastKnownFileType = sourcecode.swift; path = FolioReaderChapterListCell.swift; sourceTree = "<group>"; };
		75D580951FF8AA5E00BF753F /* FolioReaderConfig.swift */ = {isa = PBXFileReference; fileEncoding = 4; lastKnownFileType = sourcecode.swift; path = FolioReaderConfig.swift; sourceTree = "<group>"; };
		75D580961FF8AA5E00BF753F /* FolioReaderContainer.swift */ = {isa = PBXFileReference; fileEncoding = 4; lastKnownFileType = sourcecode.swift; path = FolioReaderContainer.swift; sourceTree = "<group>"; };
		75D580971FF8AA5E00BF753F /* FolioReaderFontsMenu.swift */ = {isa = PBXFileReference; fileEncoding = 4; lastKnownFileType = sourcecode.swift; path = FolioReaderFontsMenu.swift; sourceTree = "<group>"; };
		75D580981FF8AA5E00BF753F /* FolioReaderHighlightList.swift */ = {isa = PBXFileReference; fileEncoding = 4; lastKnownFileType = sourcecode.swift; path = FolioReaderHighlightList.swift; sourceTree = "<group>"; };
		75D580991FF8AA5E00BF753F /* FolioReaderKit.h */ = {isa = PBXFileReference; fileEncoding = 4; lastKnownFileType = sourcecode.c.h; path = FolioReaderKit.h; sourceTree = "<group>"; };
		75D5809A1FF8AA5E00BF753F /* FolioReaderKit.swift */ = {isa = PBXFileReference; fileEncoding = 4; lastKnownFileType = sourcecode.swift; path = FolioReaderKit.swift; sourceTree = "<group>"; };
		75D5809B1FF8AA5E00BF753F /* FolioReaderPage.swift */ = {isa = PBXFileReference; fileEncoding = 4; lastKnownFileType = sourcecode.swift; path = FolioReaderPage.swift; sourceTree = "<group>"; };
		75D5809C1FF8AA5E00BF753F /* FolioReaderPageIndicator.swift */ = {isa = PBXFileReference; fileEncoding = 4; lastKnownFileType = sourcecode.swift; path = FolioReaderPageIndicator.swift; sourceTree = "<group>"; };
		75D5809D1FF8AA5E00BF753F /* FolioReaderPlayerMenu.swift */ = {isa = PBXFileReference; fileEncoding = 4; lastKnownFileType = sourcecode.swift; path = FolioReaderPlayerMenu.swift; sourceTree = "<group>"; };
		75D5809E1FF8AA5E00BF753F /* FolioReaderQuoteShare.swift */ = {isa = PBXFileReference; fileEncoding = 4; lastKnownFileType = sourcecode.swift; path = FolioReaderQuoteShare.swift; sourceTree = "<group>"; };
		75D5809F1FF8AA5E00BF753F /* FolioReaderSharingProvider.swift */ = {isa = PBXFileReference; fileEncoding = 4; lastKnownFileType = sourcecode.swift; path = FolioReaderSharingProvider.swift; sourceTree = "<group>"; };
		75D580A01FF8AA5E00BF753F /* FolioReaderUserDefaults.swift */ = {isa = PBXFileReference; fileEncoding = 4; lastKnownFileType = sourcecode.swift; path = FolioReaderUserDefaults.swift; sourceTree = "<group>"; };
		75D580A11FF8AA5E00BF753F /* FolioReaderWebView.swift */ = {isa = PBXFileReference; fileEncoding = 4; lastKnownFileType = sourcecode.swift; path = FolioReaderWebView.swift; sourceTree = "<group>"; };
		75D580A31FF8AA5E00BF753F /* Highlight+Helper.swift */ = {isa = PBXFileReference; fileEncoding = 4; lastKnownFileType = sourcecode.swift; path = "Highlight+Helper.swift"; sourceTree = "<group>"; };
		75D580A41FF8AA5E00BF753F /* Highlight.swift */ = {isa = PBXFileReference; fileEncoding = 4; lastKnownFileType = sourcecode.swift; path = Highlight.swift; sourceTree = "<group>"; };
		75D580A51FF8AA5E00BF753F /* PageViewController.swift */ = {isa = PBXFileReference; fileEncoding = 4; lastKnownFileType = sourcecode.swift; path = PageViewController.swift; sourceTree = "<group>"; };
		75D580A61FF8AA5E00BF753F /* QuoteImage.swift */ = {isa = PBXFileReference; fileEncoding = 4; lastKnownFileType = sourcecode.swift; path = QuoteImage.swift; sourceTree = "<group>"; };
		75D580A81FF8AA5E00BF753F /* Bridge.js */ = {isa = PBXFileReference; fileEncoding = 4; lastKnownFileType = sourcecode.javascript; path = Bridge.js; sourceTree = "<group>"; };
		75D580AB1FF8AA5E00BF753F /* Andada-Bold.otf */ = {isa = PBXFileReference; lastKnownFileType = file; path = "Andada-Bold.otf"; sourceTree = "<group>"; };
		75D580AC1FF8AA5E00BF753F /* Andada-BoldItalic.otf */ = {isa = PBXFileReference; lastKnownFileType = file; path = "Andada-BoldItalic.otf"; sourceTree = "<group>"; };
		75D580AD1FF8AA5E00BF753F /* Andada-Italic.otf */ = {isa = PBXFileReference; lastKnownFileType = file; path = "Andada-Italic.otf"; sourceTree = "<group>"; };
		75D580AE1FF8AA5E00BF753F /* Andada-Regular.otf */ = {isa = PBXFileReference; lastKnownFileType = file; path = "Andada-Regular.otf"; sourceTree = "<group>"; };
		75D580B01FF8AA5E00BF753F /* Lato-Bold.ttf */ = {isa = PBXFileReference; lastKnownFileType = file; path = "Lato-Bold.ttf"; sourceTree = "<group>"; };
		75D580B11FF8AA5E00BF753F /* Lato-BoldItalic.ttf */ = {isa = PBXFileReference; lastKnownFileType = file; path = "Lato-BoldItalic.ttf"; sourceTree = "<group>"; };
		75D580B21FF8AA5E00BF753F /* Lato-Italic.ttf */ = {isa = PBXFileReference; lastKnownFileType = file; path = "Lato-Italic.ttf"; sourceTree = "<group>"; };
		75D580B31FF8AA5E00BF753F /* Lato-Regular.ttf */ = {isa = PBXFileReference; lastKnownFileType = file; path = "Lato-Regular.ttf"; sourceTree = "<group>"; };
		75D580B51FF8AA5E00BF753F /* Lora-Bold.ttf */ = {isa = PBXFileReference; lastKnownFileType = file; path = "Lora-Bold.ttf"; sourceTree = "<group>"; };
		75D580B61FF8AA5E00BF753F /* Lora-BoldItalic.ttf */ = {isa = PBXFileReference; lastKnownFileType = file; path = "Lora-BoldItalic.ttf"; sourceTree = "<group>"; };
		75D580B71FF8AA5E00BF753F /* Lora-Italic.ttf */ = {isa = PBXFileReference; lastKnownFileType = file; path = "Lora-Italic.ttf"; sourceTree = "<group>"; };
		75D580B81FF8AA5E00BF753F /* Lora-Regular.ttf */ = {isa = PBXFileReference; lastKnownFileType = file; path = "Lora-Regular.ttf"; sourceTree = "<group>"; };
		75D580BA1FF8AA5E00BF753F /* Raleway-Bold.ttf */ = {isa = PBXFileReference; lastKnownFileType = file; path = "Raleway-Bold.ttf"; sourceTree = "<group>"; };
		75D580BB1FF8AA5E00BF753F /* Raleway-BoldItalic.ttf */ = {isa = PBXFileReference; lastKnownFileType = file; path = "Raleway-BoldItalic.ttf"; sourceTree = "<group>"; };
		75D580BC1FF8AA5E00BF753F /* Raleway-Italic.ttf */ = {isa = PBXFileReference; lastKnownFileType = file; path = "Raleway-Italic.ttf"; sourceTree = "<group>"; };
		75D580BD1FF8AA5E00BF753F /* Raleway-Regular.ttf */ = {isa = PBXFileReference; lastKnownFileType = file; path = "Raleway-Regular.ttf"; sourceTree = "<group>"; };
		75D580BE1FF8AA5E00BF753F /* Images.xcassets */ = {isa = PBXFileReference; lastKnownFileType = folder.assetcatalog; path = Images.xcassets; sourceTree = "<group>"; };
		75D580BF1FF8AA5E00BF753F /* Style.css */ = {isa = PBXFileReference; fileEncoding = 4; lastKnownFileType = text.css; path = Style.css; sourceTree = "<group>"; };
		75D580C01FF8AA5E00BF753F /* ScrollScrubber.swift */ = {isa = PBXFileReference; fileEncoding = 4; lastKnownFileType = sourcecode.swift; path = ScrollScrubber.swift; sourceTree = "<group>"; };
		75D580C31FF8AA5E00BF753F /* HADiscreteSlider.swift */ = {isa = PBXFileReference; fileEncoding = 4; lastKnownFileType = sourcecode.swift; path = HADiscreteSlider.swift; sourceTree = "<group>"; };
		75D580C51FF8AA5E00BF753F /* SMSegment.swift */ = {isa = PBXFileReference; fileEncoding = 4; lastKnownFileType = sourcecode.swift; path = SMSegment.swift; sourceTree = "<group>"; };
		75D580C61FF8AA5E00BF753F /* SMSegmentView.swift */ = {isa = PBXFileReference; fileEncoding = 4; lastKnownFileType = sourcecode.swift; path = SMSegmentView.swift; sourceTree = "<group>"; };
		75D5876D1FF8B02900BF753F /* Pods_Corticoid.framework */ = {isa = PBXFileReference; explicitFileType = wrapper.framework; path = Pods_Corticoid.framework; sourceTree = BUILT_PRODUCTS_DIR; };
		75D5876E1FF93D8900BF753F /* HMBookmarkList.swift */ = {isa = PBXFileReference; lastKnownFileType = sourcecode.swift; path = HMBookmarkList.swift; sourceTree = "<group>"; };
		76C860E9DFA240542C9CAE5E /* Pods-Corticoid.debug.xcconfig */ = {isa = PBXFileReference; includeInIndex = 1; lastKnownFileType = text.xcconfig; name = "Pods-Corticoid.debug.xcconfig"; path = "Pods/Target Support Files/Pods-Corticoid/Pods-Corticoid.debug.xcconfig"; sourceTree = "<group>"; };
/* End PBXFileReference section */

/* Begin PBXFrameworksBuildPhase section */
		758BB1F71FF7C0C600CE3E0E /* Frameworks */ = {
			isa = PBXFrameworksBuildPhase;
			buildActionMask = 2147483647;
			files = (
				24C9ECDF9760CE45D3B270BD /* Pods_Corticoid.framework in Frameworks */,
			);
			runOnlyForDeploymentPostprocessing = 0;
		};
/* End PBXFrameworksBuildPhase section */

/* Begin PBXGroup section */
		471188CFDB5CD4A553CD03FE /* Frameworks */ = {
			isa = PBXGroup;
			children = (
				75D5876D1FF8B02900BF753F /* Pods_Corticoid.framework */,
			);
			name = Frameworks;
			sourceTree = "<group>";
		};
		758BB1F11FF7C0C600CE3E0E = {
			isa = PBXGroup;
			children = (
				758BB1FC1FF7C0C600CE3E0E /* Corticoid */,
				758BB1FB1FF7C0C600CE3E0E /* Products */,
				CF79AE2B05DFC1E0F45DA501 /* Pods */,
				471188CFDB5CD4A553CD03FE /* Frameworks */,
			);
			sourceTree = "<group>";
		};
		758BB1FB1FF7C0C600CE3E0E /* Products */ = {
			isa = PBXGroup;
			children = (
				758BB1FA1FF7C0C600CE3E0E /* Corticoid.app */,
			);
			name = Products;
			sourceTree = "<group>";
		};
		758BB1FC1FF7C0C600CE3E0E /* Corticoid */ = {
			isa = PBXGroup;
			children = (
				75D580721FF8AA5D00BF753F /* Framework */,
				758BB20F1FF7C55B00CE3E0E /* Resource */,
				758BB1FD1FF7C0C600CE3E0E /* AppDelegate.swift */,
				758BB1FF1FF7C0C600CE3E0E /* ViewController.swift */,
				758BB2011FF7C0C600CE3E0E /* Main.storyboard */,
				758BB2041FF7C0C600CE3E0E /* Assets.xcassets */,
				758BB2061FF7C0C600CE3E0E /* LaunchScreen.storyboard */,
				758BB2091FF7C0C600CE3E0E /* Info.plist */,
				7557B4211FFAA2E00077A1E0 /* Localizable.strings */,
			);
			path = Corticoid;
			sourceTree = "<group>";
		};
		758BB20F1FF7C55B00CE3E0E /* Resource */ = {
			isa = PBXGroup;
			children = (
				758BB2101FF7C57300CE3E0E /* corticoid.epub */,
			);
			path = Resource;
			sourceTree = "<group>";
		};
		75D580721FF8AA5D00BF753F /* Framework */ = {
			isa = PBXGroup;
			children = (
				75D580801FF8AA5E00BF753F /* HMFolioReaderKit */,
			);
			path = Framework;
			sourceTree = "<group>";
		};
		75D580801FF8AA5E00BF753F /* HMFolioReaderKit */ = {
			isa = PBXGroup;
			children = (
				75D580811FF8AA5E00BF753F /* HMBookmarkManager.swift */,
				75D5876E1FF93D8900BF753F /* HMBookmarkList.swift */,
				75D580821FF8AA5E00BF753F /* LICENSE */,
				75D580831FF8AA5E00BF753F /* README.md */,
				75D580841FF8AA5E00BF753F /* Source */,
				75D580C11FF8AA5E00BF753F /* Vendor */,
			);
			path = HMFolioReaderKit;
			sourceTree = "<group>";
		};
		75D580841FF8AA5E00BF753F /* Source */ = {
			isa = PBXGroup;
			children = (
				75D580851FF8AA5E00BF753F /* EPUBCore */,
				75D580901FF8AA5E00BF753F /* Extensions.swift */,
				75D580911FF8AA5E00BF753F /* FolioReaderAudioPlayer.swift */,
				75D580921FF8AA5E00BF753F /* FolioReaderCenter.swift */,
				75D580931FF8AA5E00BF753F /* FolioReaderChapterList.swift */,
				75D580941FF8AA5E00BF753F /* FolioReaderChapterListCell.swift */,
				75D580951FF8AA5E00BF753F /* FolioReaderConfig.swift */,
				75D580961FF8AA5E00BF753F /* FolioReaderContainer.swift */,
				75D580971FF8AA5E00BF753F /* FolioReaderFontsMenu.swift */,
				75D580981FF8AA5E00BF753F /* FolioReaderHighlightList.swift */,
				75D580991FF8AA5E00BF753F /* FolioReaderKit.h */,
				75D5809A1FF8AA5E00BF753F /* FolioReaderKit.swift */,
				75D5809B1FF8AA5E00BF753F /* FolioReaderPage.swift */,
				75D5809C1FF8AA5E00BF753F /* FolioReaderPageIndicator.swift */,
				75D5809D1FF8AA5E00BF753F /* FolioReaderPlayerMenu.swift */,
				75D5809E1FF8AA5E00BF753F /* FolioReaderQuoteShare.swift */,
				75D5809F1FF8AA5E00BF753F /* FolioReaderSharingProvider.swift */,
				75D580A01FF8AA5E00BF753F /* FolioReaderUserDefaults.swift */,
				75D580A11FF8AA5E00BF753F /* FolioReaderWebView.swift */,
				75D580A21FF8AA5E00BF753F /* Models */,
				75D580A51FF8AA5E00BF753F /* PageViewController.swift */,
				75D580A61FF8AA5E00BF753F /* QuoteImage.swift */,
				75D580A71FF8AA5E00BF753F /* Resources */,
				75D580C01FF8AA5E00BF753F /* ScrollScrubber.swift */,
			);
			path = Source;
			sourceTree = "<group>";
		};
		75D580851FF8AA5E00BF753F /* EPUBCore */ = {
			isa = PBXGroup;
			children = (
				75D580861FF8AA5E00BF753F /* FRBook.swift */,
				75D580871FF8AA5E00BF753F /* FREpubParser.swift */,
				75D580881FF8AA5E00BF753F /* FRMediaType.swift */,
				75D580891FF8AA5E00BF753F /* FRMetadata.swift */,
				75D5808A1FF8AA5E00BF753F /* FRResource.swift */,
				75D5808B1FF8AA5E00BF753F /* FRResources.swift */,
				75D5808C1FF8AA5E00BF753F /* FRSmilElement.swift */,
				75D5808D1FF8AA5E00BF753F /* FRSmils.swift */,
				75D5808E1FF8AA5E00BF753F /* FRSpine.swift */,
				75D5808F1FF8AA5E00BF753F /* FRTocReference.swift */,
			);
			path = EPUBCore;
			sourceTree = "<group>";
		};
		75D580A21FF8AA5E00BF753F /* Models */ = {
			isa = PBXGroup;
			children = (
				75D580A31FF8AA5E00BF753F /* Highlight+Helper.swift */,
				75D580A41FF8AA5E00BF753F /* Highlight.swift */,
			);
			path = Models;
			sourceTree = "<group>";
		};
		75D580A71FF8AA5E00BF753F /* Resources */ = {
			isa = PBXGroup;
			children = (
				75D580A81FF8AA5E00BF753F /* Bridge.js */,
				75D580A91FF8AA5E00BF753F /* Fonts */,
				75D580BE1FF8AA5E00BF753F /* Images.xcassets */,
				75D580BF1FF8AA5E00BF753F /* Style.css */,
			);
			path = Resources;
			sourceTree = "<group>";
		};
		75D580A91FF8AA5E00BF753F /* Fonts */ = {
			isa = PBXGroup;
			children = (
				75D580AA1FF8AA5E00BF753F /* Andada */,
				75D580AF1FF8AA5E00BF753F /* Lato */,
				75D580B41FF8AA5E00BF753F /* Lora */,
				75D580B91FF8AA5E00BF753F /* Raleway */,
			);
			path = Fonts;
			sourceTree = "<group>";
		};
		75D580AA1FF8AA5E00BF753F /* Andada */ = {
			isa = PBXGroup;
			children = (
				75D580AB1FF8AA5E00BF753F /* Andada-Bold.otf */,
				75D580AC1FF8AA5E00BF753F /* Andada-BoldItalic.otf */,
				75D580AD1FF8AA5E00BF753F /* Andada-Italic.otf */,
				75D580AE1FF8AA5E00BF753F /* Andada-Regular.otf */,
			);
			path = Andada;
			sourceTree = "<group>";
		};
		75D580AF1FF8AA5E00BF753F /* Lato */ = {
			isa = PBXGroup;
			children = (
				75D580B01FF8AA5E00BF753F /* Lato-Bold.ttf */,
				75D580B11FF8AA5E00BF753F /* Lato-BoldItalic.ttf */,
				75D580B21FF8AA5E00BF753F /* Lato-Italic.ttf */,
				75D580B31FF8AA5E00BF753F /* Lato-Regular.ttf */,
			);
			path = Lato;
			sourceTree = "<group>";
		};
		75D580B41FF8AA5E00BF753F /* Lora */ = {
			isa = PBXGroup;
			children = (
				75D580B51FF8AA5E00BF753F /* Lora-Bold.ttf */,
				75D580B61FF8AA5E00BF753F /* Lora-BoldItalic.ttf */,
				75D580B71FF8AA5E00BF753F /* Lora-Italic.ttf */,
				75D580B81FF8AA5E00BF753F /* Lora-Regular.ttf */,
			);
			path = Lora;
			sourceTree = "<group>";
		};
		75D580B91FF8AA5E00BF753F /* Raleway */ = {
			isa = PBXGroup;
			children = (
				75D580BA1FF8AA5E00BF753F /* Raleway-Bold.ttf */,
				75D580BB1FF8AA5E00BF753F /* Raleway-BoldItalic.ttf */,
				75D580BC1FF8AA5E00BF753F /* Raleway-Italic.ttf */,
				75D580BD1FF8AA5E00BF753F /* Raleway-Regular.ttf */,
			);
			path = Raleway;
			sourceTree = "<group>";
		};
		75D580C11FF8AA5E00BF753F /* Vendor */ = {
			isa = PBXGroup;
			children = (
				75D580C21FF8AA5E00BF753F /* HAControls */,
				75D580C41FF8AA5E00BF753F /* SMSegmentView */,
			);
			path = Vendor;
			sourceTree = "<group>";
		};
		75D580C21FF8AA5E00BF753F /* HAControls */ = {
			isa = PBXGroup;
			children = (
				75D580C31FF8AA5E00BF753F /* HADiscreteSlider.swift */,
			);
			path = HAControls;
			sourceTree = "<group>";
		};
		75D580C41FF8AA5E00BF753F /* SMSegmentView */ = {
			isa = PBXGroup;
			children = (
				75D580C51FF8AA5E00BF753F /* SMSegment.swift */,
				75D580C61FF8AA5E00BF753F /* SMSegmentView.swift */,
			);
			path = SMSegmentView;
			sourceTree = "<group>";
		};
		CF79AE2B05DFC1E0F45DA501 /* Pods */ = {
			isa = PBXGroup;
			children = (
				76C860E9DFA240542C9CAE5E /* Pods-Corticoid.debug.xcconfig */,
				17663E2BEB2FDE98A3F3CE7A /* Pods-Corticoid.release.xcconfig */,
			);
			name = Pods;
			sourceTree = "<group>";
		};
/* End PBXGroup section */

/* Begin PBXNativeTarget section */
		758BB1F91FF7C0C600CE3E0E /* Corticoid */ = {
			isa = PBXNativeTarget;
			buildConfigurationList = 758BB20C1FF7C0C600CE3E0E /* Build configuration list for PBXNativeTarget "Corticoid" */;
			buildPhases = (
				87EDA080774314CF4273CD0D /* [CP] Check Pods Manifest.lock */,
				758BB1F61FF7C0C600CE3E0E /* Sources */,
				758BB1F71FF7C0C600CE3E0E /* Frameworks */,
				758BB1F81FF7C0C600CE3E0E /* Resources */,
				3DA8B9C58DFE4C7A58FC558B /* [CP] Embed Pods Frameworks */,
				D43D696E104CFBE300F22318 /* [CP] Copy Pods Resources */,
				75D583691FF8AD4000BF753F /* Embed Frameworks */,
				E55A61F6200AF217009CE16B /* ShellScript */,
			);
			buildRules = (
			);
			dependencies = (
			);
			name = Corticoid;
			productName = Corticoid;
			productReference = 758BB1FA1FF7C0C600CE3E0E /* Corticoid.app */;
			productType = "com.apple.product-type.application";
		};
/* End PBXNativeTarget section */

/* Begin PBXProject section */
		758BB1F21FF7C0C600CE3E0E /* Project object */ = {
			isa = PBXProject;
			attributes = {
				LastSwiftUpdateCheck = 0920;
				LastUpgradeCheck = 0920;
				ORGANIZATIONNAME = "Hung Doan";
				TargetAttributes = {
					758BB1F91FF7C0C600CE3E0E = {
						CreatedOnToolsVersion = 9.2;
						ProvisioningStyle = Manual;
					};
				};
			};
			buildConfigurationList = 758BB1F51FF7C0C600CE3E0E /* Build configuration list for PBXProject "Corticoid" */;
			compatibilityVersion = "Xcode 8.0";
			developmentRegion = en;
			hasScannedForEncodings = 0;
			knownRegions = (
				en,
				Base,
				vi,
			);
			mainGroup = 758BB1F11FF7C0C600CE3E0E;
			productRefGroup = 758BB1FB1FF7C0C600CE3E0E /* Products */;
			projectDirPath = "";
			projectRoot = "";
			targets = (
				758BB1F91FF7C0C600CE3E0E /* Corticoid */,
			);
		};
/* End PBXProject section */

/* Begin PBXResourcesBuildPhase section */
		758BB1F81FF7C0C600CE3E0E /* Resources */ = {
			isa = PBXResourcesBuildPhase;
			buildActionMask = 2147483647;
			files = (
				758BB2081FF7C0C600CE3E0E /* LaunchScreen.storyboard in Resources */,
				75D582CF1FF8AA5E00BF753F /* Raleway-BoldItalic.ttf in Resources */,
				75D582C41FF8AA5E00BF753F /* Andada-Italic.otf in Resources */,
				75D582D11FF8AA5E00BF753F /* Raleway-Regular.ttf in Resources */,
				75D582C91FF8AA5E00BF753F /* Lato-Regular.ttf in Resources */,
				75D582CD1FF8AA5E00BF753F /* Lora-Regular.ttf in Resources */,
				75D582CB1FF8AA5E00BF753F /* Lora-BoldItalic.ttf in Resources */,
				75D582A11FF8AA5E00BF753F /* README.md in Resources */,
				75D582D21FF8AA5E00BF753F /* Images.xcassets in Resources */,
				7557B41F1FFAA2E00077A1E0 /* Localizable.strings in Resources */,
				75D582CE1FF8AA5E00BF753F /* Raleway-Bold.ttf in Resources */,
				758BB2111FF7C57300CE3E0E /* corticoid.epub in Resources */,
				75D582C11FF8AA5E00BF753F /* Bridge.js in Resources */,
				75D582D31FF8AA5E00BF753F /* Style.css in Resources */,
				75D582C71FF8AA5E00BF753F /* Lato-BoldItalic.ttf in Resources */,
				75D582CC1FF8AA5E00BF753F /* Lora-Italic.ttf in Resources */,
				75D582C61FF8AA5E00BF753F /* Lato-Bold.ttf in Resources */,
				758BB2051FF7C0C600CE3E0E /* Assets.xcassets in Resources */,
				758BB2031FF7C0C600CE3E0E /* Main.storyboard in Resources */,
				75D582A01FF8AA5E00BF753F /* LICENSE in Resources */,
				75D582D01FF8AA5E00BF753F /* Raleway-Italic.ttf in Resources */,
				75D582CA1FF8AA5E00BF753F /* Lora-Bold.ttf in Resources */,
				75D582C21FF8AA5E00BF753F /* Andada-Bold.otf in Resources */,
				75D582C51FF8AA5E00BF753F /* Andada-Regular.otf in Resources */,
				75D582C81FF8AA5E00BF753F /* Lato-Italic.ttf in Resources */,
				75D582C31FF8AA5E00BF753F /* Andada-BoldItalic.otf in Resources */,
			);
			runOnlyForDeploymentPostprocessing = 0;
		};
/* End PBXResourcesBuildPhase section */

/* Begin PBXShellScriptBuildPhase section */
		3DA8B9C58DFE4C7A58FC558B /* [CP] Embed Pods Frameworks */ = {
			isa = PBXShellScriptBuildPhase;
			buildActionMask = 2147483647;
			files = (
			);
			inputPaths = (
				"${SRCROOT}/Pods/Target Support Files/Pods-Corticoid/Pods-Corticoid-frameworks.sh",
				"${BUILT_PRODUCTS_DIR}/AEXML/AEXML.framework",
				"${BUILT_PRODUCTS_DIR}/EAIntroView/EAIntroView.framework",
				"${BUILT_PRODUCTS_DIR}/EARestrictedScrollView/EARestrictedScrollView.framework",
				"${BUILT_PRODUCTS_DIR}/FontBlaster/FontBlaster.framework",
				"${BUILT_PRODUCTS_DIR}/JSQWebViewController/JSQWebViewController.framework",
				"${BUILT_PRODUCTS_DIR}/MenuItemKit/MenuItemKit.framework",
				"${BUILT_PRODUCTS_DIR}/Popover/Popover.framework",
				"${BUILT_PRODUCTS_DIR}/Realm/Realm.framework",
				"${BUILT_PRODUCTS_DIR}/RealmSwift/RealmSwift.framework",
				"${BUILT_PRODUCTS_DIR}/SSZipArchive/SSZipArchive.framework",
				"${BUILT_PRODUCTS_DIR}/ZFDragableModalTransition/ZFDragableModalTransition.framework",
			);
			name = "[CP] Embed Pods Frameworks";
			outputPaths = (
				"${TARGET_BUILD_DIR}/${FRAMEWORKS_FOLDER_PATH}/AEXML.framework",
				"${TARGET_BUILD_DIR}/${FRAMEWORKS_FOLDER_PATH}/EAIntroView.framework",
				"${TARGET_BUILD_DIR}/${FRAMEWORKS_FOLDER_PATH}/EARestrictedScrollView.framework",
				"${TARGET_BUILD_DIR}/${FRAMEWORKS_FOLDER_PATH}/FontBlaster.framework",
				"${TARGET_BUILD_DIR}/${FRAMEWORKS_FOLDER_PATH}/JSQWebViewController.framework",
				"${TARGET_BUILD_DIR}/${FRAMEWORKS_FOLDER_PATH}/MenuItemKit.framework",
				"${TARGET_BUILD_DIR}/${FRAMEWORKS_FOLDER_PATH}/Popover.framework",
				"${TARGET_BUILD_DIR}/${FRAMEWORKS_FOLDER_PATH}/Realm.framework",
				"${TARGET_BUILD_DIR}/${FRAMEWORKS_FOLDER_PATH}/RealmSwift.framework",
				"${TARGET_BUILD_DIR}/${FRAMEWORKS_FOLDER_PATH}/SSZipArchive.framework",
				"${TARGET_BUILD_DIR}/${FRAMEWORKS_FOLDER_PATH}/ZFDragableModalTransition.framework",
			);
			runOnlyForDeploymentPostprocessing = 0;
			shellPath = /bin/sh;
			shellScript = "\"${SRCROOT}/Pods/Target Support Files/Pods-Corticoid/Pods-Corticoid-frameworks.sh\"\n";
			showEnvVarsInLog = 0;
		};
		87EDA080774314CF4273CD0D /* [CP] Check Pods Manifest.lock */ = {
			isa = PBXShellScriptBuildPhase;
			buildActionMask = 2147483647;
			files = (
			);
			inputPaths = (
				"${PODS_PODFILE_DIR_PATH}/Podfile.lock",
				"${PODS_ROOT}/Manifest.lock",
			);
			name = "[CP] Check Pods Manifest.lock";
			outputPaths = (
				"$(DERIVED_FILE_DIR)/Pods-Corticoid-checkManifestLockResult.txt",
			);
			runOnlyForDeploymentPostprocessing = 0;
			shellPath = /bin/sh;
			shellScript = "diff \"${PODS_PODFILE_DIR_PATH}/Podfile.lock\" \"${PODS_ROOT}/Manifest.lock\" > /dev/null\nif [ $? != 0 ] ; then\n    # print error to STDERR\n    echo \"error: The sandbox is not in sync with the Podfile.lock. Run 'pod install' or update your CocoaPods installation.\" >&2\n    exit 1\nfi\n# This output is used by Xcode 'outputs' to avoid re-running this script phase.\necho \"SUCCESS\" > \"${SCRIPT_OUTPUT_FILE_0}\"\n";
			showEnvVarsInLog = 0;
		};
		D43D696E104CFBE300F22318 /* [CP] Copy Pods Resources */ = {
			isa = PBXShellScriptBuildPhase;
			buildActionMask = 2147483647;
			files = (
			);
			inputPaths = (
			);
			name = "[CP] Copy Pods Resources";
			outputPaths = (
			);
			runOnlyForDeploymentPostprocessing = 0;
			shellPath = /bin/sh;
			shellScript = "\"${SRCROOT}/Pods/Target Support Files/Pods-Corticoid/Pods-Corticoid-resources.sh\"\n";
			showEnvVarsInLog = 0;
		};
		E55A61F6200AF217009CE16B /* ShellScript */ = {
			isa = PBXShellScriptBuildPhase;
			buildActionMask = 2147483647;
			files = (
			);
			inputPaths = (
			);
			outputPaths = (
			);
			runOnlyForDeploymentPostprocessing = 0;
			shellPath = /bin/sh;
			shellScript = "\"${PODS_ROOT}/Fabric/run\" 5b3327eecc71d3e6af29d1b0ad0b198e1cf991c7 a394f7157d2b1cbac8cb8e317209edcc57d6fbefcdf6bd7b32cf6eb1fd41fe50";
		};
/* End PBXShellScriptBuildPhase section */

/* Begin PBXSourcesBuildPhase section */
		758BB1F61FF7C0C600CE3E0E /* Sources */ = {
			isa = PBXSourcesBuildPhase;
			buildActionMask = 2147483647;
			files = (
				75D582A31FF8AA5E00BF753F /* FREpubParser.swift in Sources */,
				75D582B61FF8AA5E00BF753F /* FolioReaderPage.swift in Sources */,
				758BB2001FF7C0C600CE3E0E /* ViewController.swift in Sources */,
				75D582B81FF8AA5E00BF753F /* FolioReaderPlayerMenu.swift in Sources */,
				75D582AE1FF8AA5E00BF753F /* FolioReaderCenter.swift in Sources */,
				75D582B11FF8AA5E00BF753F /* FolioReaderConfig.swift in Sources */,
				75D582B41FF8AA5E00BF753F /* FolioReaderHighlightList.swift in Sources */,
				75D582D71FF8AA5E00BF753F /* SMSegmentView.swift in Sources */,
				758BB1FE1FF7C0C600CE3E0E /* AppDelegate.swift in Sources */,
				75D582AF1FF8AA5E00BF753F /* FolioReaderChapterList.swift in Sources */,
				75D582D51FF8AA5E00BF753F /* HADiscreteSlider.swift in Sources */,
				75D582BE1FF8AA5E00BF753F /* Highlight.swift in Sources */,
				75D582B91FF8AA5E00BF753F /* FolioReaderQuoteShare.swift in Sources */,
				75D5829F1FF8AA5E00BF753F /* HMBookmarkManager.swift in Sources */,
				75D5876F1FF93D8900BF753F /* HMBookmarkList.swift in Sources */,
				75D582BB1FF8AA5E00BF753F /* FolioReaderUserDefaults.swift in Sources */,
				75D582AB1FF8AA5E00BF753F /* FRTocReference.swift in Sources */,
				75D582AD1FF8AA5E00BF753F /* FolioReaderAudioPlayer.swift in Sources */,
				75D582AA1FF8AA5E00BF753F /* FRSpine.swift in Sources */,
				75D582BC1FF8AA5E00BF753F /* FolioReaderWebView.swift in Sources */,
				75D582A81FF8AA5E00BF753F /* FRSmilElement.swift in Sources */,
				75D582A71FF8AA5E00BF753F /* FRResources.swift in Sources */,
				75D582C01FF8AA5E00BF753F /* QuoteImage.swift in Sources */,
				75D582A51FF8AA5E00BF753F /* FRMetadata.swift in Sources */,
				75D582D41FF8AA5E00BF753F /* ScrollScrubber.swift in Sources */,
				75D582B71FF8AA5E00BF753F /* FolioReaderPageIndicator.swift in Sources */,
				75D582B21FF8AA5E00BF753F /* FolioReaderContainer.swift in Sources */,
				75D582A21FF8AA5E00BF753F /* FRBook.swift in Sources */,
				75D582B31FF8AA5E00BF753F /* FolioReaderFontsMenu.swift in Sources */,
				75D582BD1FF8AA5E00BF753F /* Highlight+Helper.swift in Sources */,
				75D582B51FF8AA5E00BF753F /* FolioReaderKit.swift in Sources */,
				75D582BA1FF8AA5E00BF753F /* FolioReaderSharingProvider.swift in Sources */,
				75D582A91FF8AA5E00BF753F /* FRSmils.swift in Sources */,
				75D582AC1FF8AA5E00BF753F /* Extensions.swift in Sources */,
				75D582B01FF8AA5E00BF753F /* FolioReaderChapterListCell.swift in Sources */,
				75D582A61FF8AA5E00BF753F /* FRResource.swift in Sources */,
				75D582BF1FF8AA5E00BF753F /* PageViewController.swift in Sources */,
				75D582A41FF8AA5E00BF753F /* FRMediaType.swift in Sources */,
				75D582D61FF8AA5E00BF753F /* SMSegment.swift in Sources */,
			);
			runOnlyForDeploymentPostprocessing = 0;
		};
/* End PBXSourcesBuildPhase section */

/* Begin PBXVariantGroup section */
		7557B4211FFAA2E00077A1E0 /* Localizable.strings */ = {
			isa = PBXVariantGroup;
			children = (
				7557B4201FFAA2E00077A1E0 /* en */,
				7557B4221FFAA3080077A1E0 /* vi */,
			);
			name = Localizable.strings;
			sourceTree = "<group>";
		};
		758BB2011FF7C0C600CE3E0E /* Main.storyboard */ = {
			isa = PBXVariantGroup;
			children = (
				758BB2021FF7C0C600CE3E0E /* Base */,
			);
			name = Main.storyboard;
			sourceTree = "<group>";
		};
		758BB2061FF7C0C600CE3E0E /* LaunchScreen.storyboard */ = {
			isa = PBXVariantGroup;
			children = (
				758BB2071FF7C0C600CE3E0E /* Base */,
			);
			name = LaunchScreen.storyboard;
			sourceTree = "<group>";
		};
/* End PBXVariantGroup section */

/* Begin XCBuildConfiguration section */
		758BB20A1FF7C0C600CE3E0E /* Debug */ = {
			isa = XCBuildConfiguration;
			buildSettings = {
				ALWAYS_SEARCH_USER_PATHS = NO;
				CLANG_ANALYZER_LOCALIZABILITY_NONLOCALIZED = YES;
				CLANG_ANALYZER_NONNULL = YES;
				CLANG_ANALYZER_NUMBER_OBJECT_CONVERSION = YES_AGGRESSIVE;
				CLANG_CXX_LANGUAGE_STANDARD = "gnu++14";
				CLANG_CXX_LIBRARY = "libc++";
				CLANG_ENABLE_MODULES = YES;
				CLANG_ENABLE_OBJC_ARC = YES;
				CLANG_WARN_BLOCK_CAPTURE_AUTORELEASING = YES;
				CLANG_WARN_BOOL_CONVERSION = YES;
				CLANG_WARN_COMMA = YES;
				CLANG_WARN_CONSTANT_CONVERSION = YES;
				CLANG_WARN_DIRECT_OBJC_ISA_USAGE = YES_ERROR;
				CLANG_WARN_DOCUMENTATION_COMMENTS = YES;
				CLANG_WARN_EMPTY_BODY = YES;
				CLANG_WARN_ENUM_CONVERSION = YES;
				CLANG_WARN_INFINITE_RECURSION = YES;
				CLANG_WARN_INT_CONVERSION = YES;
				CLANG_WARN_NON_LITERAL_NULL_CONVERSION = YES;
				CLANG_WARN_OBJC_LITERAL_CONVERSION = YES;
				CLANG_WARN_OBJC_ROOT_CLASS = YES_ERROR;
				CLANG_WARN_RANGE_LOOP_ANALYSIS = YES;
				CLANG_WARN_STRICT_PROTOTYPES = YES;
				CLANG_WARN_SUSPICIOUS_MOVE = YES;
				CLANG_WARN_UNGUARDED_AVAILABILITY = YES_AGGRESSIVE;
				CLANG_WARN_UNREACHABLE_CODE = YES;
				CLANG_WARN__DUPLICATE_METHOD_MATCH = YES;
				CODE_SIGN_IDENTITY = "iPhone Developer";
				COPY_PHASE_STRIP = NO;
				DEBUG_INFORMATION_FORMAT = dwarf;
				ENABLE_STRICT_OBJC_MSGSEND = YES;
				ENABLE_TESTABILITY = YES;
				GCC_C_LANGUAGE_STANDARD = gnu11;
				GCC_DYNAMIC_NO_PIC = NO;
				GCC_NO_COMMON_BLOCKS = YES;
				GCC_OPTIMIZATION_LEVEL = 0;
				GCC_PREPROCESSOR_DEFINITIONS = (
					"DEBUG=1",
					"$(inherited)",
				);
				GCC_WARN_64_TO_32_BIT_CONVERSION = YES;
				GCC_WARN_ABOUT_RETURN_TYPE = YES_ERROR;
				GCC_WARN_UNDECLARED_SELECTOR = YES;
				GCC_WARN_UNINITIALIZED_AUTOS = YES_AGGRESSIVE;
				GCC_WARN_UNUSED_FUNCTION = YES;
				GCC_WARN_UNUSED_VARIABLE = YES;
				IPHONEOS_DEPLOYMENT_TARGET = 11.2;
				MTL_ENABLE_DEBUG_INFO = YES;
				ONLY_ACTIVE_ARCH = YES;
				SDKROOT = iphoneos;
				SWIFT_ACTIVE_COMPILATION_CONDITIONS = DEBUG;
				SWIFT_OPTIMIZATION_LEVEL = "-Onone";
			};
			name = Debug;
		};
		758BB20B1FF7C0C600CE3E0E /* Release */ = {
			isa = XCBuildConfiguration;
			buildSettings = {
				ALWAYS_SEARCH_USER_PATHS = NO;
				CLANG_ANALYZER_LOCALIZABILITY_NONLOCALIZED = YES;
				CLANG_ANALYZER_NONNULL = YES;
				CLANG_ANALYZER_NUMBER_OBJECT_CONVERSION = YES_AGGRESSIVE;
				CLANG_CXX_LANGUAGE_STANDARD = "gnu++14";
				CLANG_CXX_LIBRARY = "libc++";
				CLANG_ENABLE_MODULES = YES;
				CLANG_ENABLE_OBJC_ARC = YES;
				CLANG_WARN_BLOCK_CAPTURE_AUTORELEASING = YES;
				CLANG_WARN_BOOL_CONVERSION = YES;
				CLANG_WARN_COMMA = YES;
				CLANG_WARN_CONSTANT_CONVERSION = YES;
				CLANG_WARN_DIRECT_OBJC_ISA_USAGE = YES_ERROR;
				CLANG_WARN_DOCUMENTATION_COMMENTS = YES;
				CLANG_WARN_EMPTY_BODY = YES;
				CLANG_WARN_ENUM_CONVERSION = YES;
				CLANG_WARN_INFINITE_RECURSION = YES;
				CLANG_WARN_INT_CONVERSION = YES;
				CLANG_WARN_NON_LITERAL_NULL_CONVERSION = YES;
				CLANG_WARN_OBJC_LITERAL_CONVERSION = YES;
				CLANG_WARN_OBJC_ROOT_CLASS = YES_ERROR;
				CLANG_WARN_RANGE_LOOP_ANALYSIS = YES;
				CLANG_WARN_STRICT_PROTOTYPES = YES;
				CLANG_WARN_SUSPICIOUS_MOVE = YES;
				CLANG_WARN_UNGUARDED_AVAILABILITY = YES_AGGRESSIVE;
				CLANG_WARN_UNREACHABLE_CODE = YES;
				CLANG_WARN__DUPLICATE_METHOD_MATCH = YES;
				CODE_SIGN_IDENTITY = "iPhone Developer";
				COPY_PHASE_STRIP = NO;
				DEBUG_INFORMATION_FORMAT = "dwarf-with-dsym";
				ENABLE_NS_ASSERTIONS = NO;
				ENABLE_STRICT_OBJC_MSGSEND = YES;
				GCC_C_LANGUAGE_STANDARD = gnu11;
				GCC_NO_COMMON_BLOCKS = YES;
				GCC_WARN_64_TO_32_BIT_CONVERSION = YES;
				GCC_WARN_ABOUT_RETURN_TYPE = YES_ERROR;
				GCC_WARN_UNDECLARED_SELECTOR = YES;
				GCC_WARN_UNINITIALIZED_AUTOS = YES_AGGRESSIVE;
				GCC_WARN_UNUSED_FUNCTION = YES;
				GCC_WARN_UNUSED_VARIABLE = YES;
				IPHONEOS_DEPLOYMENT_TARGET = 11.2;
				MTL_ENABLE_DEBUG_INFO = NO;
				SDKROOT = iphoneos;
				SWIFT_OPTIMIZATION_LEVEL = "-Owholemodule";
				VALIDATE_PRODUCT = YES;
			};
			name = Release;
		};
		758BB20D1FF7C0C600CE3E0E /* Debug */ = {
			isa = XCBuildConfiguration;
			baseConfigurationReference = 76C860E9DFA240542C9CAE5E /* Pods-Corticoid.debug.xcconfig */;
			buildSettings = {
				ASSETCATALOG_COMPILER_APPICON_NAME = AppIcon;
				"CODE_SIGN_IDENTITY[sdk=iphoneos*]" = "iPhone Developer";
				CODE_SIGN_STYLE = Manual;
				DEVELOPMENT_TEAM = F9H3LJTPG7;
				INFOPLIST_FILE = Corticoid/Info.plist;
				IPHONEOS_DEPLOYMENT_TARGET = 9.0;
				LD_RUNPATH_SEARCH_PATHS = "$(inherited) @executable_path/Frameworks";
				LIBRARY_SEARCH_PATHS = (
					"$(inherited)",
					"$(PROJECT_DIR)/Corticoid/Framework/Realm/core",
				);
				PRODUCT_BUNDLE_IDENTIFIER = vn.hoanghac.book;
				PRODUCT_NAME = "$(TARGET_NAME)";
				PROVISIONING_PROFILE = "2c7ce975-0872-4ab0-b2cb-54c1c23ac574";
				PROVISIONING_PROFILE_SPECIFIER = Corticoid_develop;
				SWIFT_VERSION = 3.0;
				TARGETED_DEVICE_FAMILY = "1,2";
			};
			name = Debug;
		};
		758BB20E1FF7C0C600CE3E0E /* Release */ = {
			isa = XCBuildConfiguration;
			baseConfigurationReference = 17663E2BEB2FDE98A3F3CE7A /* Pods-Corticoid.release.xcconfig */;
			buildSettings = {
				ASSETCATALOG_COMPILER_APPICON_NAME = AppIcon;
				"CODE_SIGN_IDENTITY[sdk=iphoneos*]" = "iPhone Distribution";
				CODE_SIGN_STYLE = Manual;
				DEVELOPMENT_TEAM = F9H3LJTPG7;
				INFOPLIST_FILE = Corticoid/Info.plist;
				IPHONEOS_DEPLOYMENT_TARGET = 9.0;
				LD_RUNPATH_SEARCH_PATHS = "$(inherited) @executable_path/Frameworks";
				LIBRARY_SEARCH_PATHS = (
					"$(inherited)",
					"$(PROJECT_DIR)/Corticoid/Framework/Realm/core",
				);
				PRODUCT_BUNDLE_IDENTIFIER = vn.hoanghac.book;
				PRODUCT_NAME = "$(TARGET_NAME)";
				PROVISIONING_PROFILE = "e9192efa-6120-437d-b3ec-a6e270a601b7";
				PROVISIONING_PROFILE_SPECIFIER = Corticoid;
				SWIFT_VERSION = 3.0;
				TARGETED_DEVICE_FAMILY = "1,2";
			};
			name = Release;
		};
/* End XCBuildConfiguration section */

/* Begin XCConfigurationList section */
		758BB1F51FF7C0C600CE3E0E /* Build configuration list for PBXProject "Corticoid" */ = {
			isa = XCConfigurationList;
			buildConfigurations = (
				758BB20A1FF7C0C600CE3E0E /* Debug */,
				758BB20B1FF7C0C600CE3E0E /* Release */,
			);
			defaultConfigurationIsVisible = 0;
			defaultConfigurationName = Release;
		};
		758BB20C1FF7C0C600CE3E0E /* Build configuration list for PBXNativeTarget "Corticoid" */ = {
			isa = XCConfigurationList;
			buildConfigurations = (
				758BB20D1FF7C0C600CE3E0E /* Debug */,
				758BB20E1FF7C0C600CE3E0E /* Release */,
			);
			defaultConfigurationIsVisible = 0;
			defaultConfigurationName = Release;
		};
/* End XCConfigurationList section */
	};
	rootObject = 758BB1F21FF7C0C600CE3E0E /* Project object */;
}
